
Microsoft Visual Studio Solution File, Format Version 12.00
Project("{FAE04EC0-301F-11D3-BF4B-00C04F79EFBC}") = "LogerApi", "LogerApi\LogerApi.csproj", "{303EC0C1-C5A8-4D43-9361-2E1A67F665FF}"
EndProject
Project("{FAE04EC0-301F-11D3-BF4B-00C04F79EFBC}") = "LogerDatabase", "LogerDatabase\LogerDatabase.csproj", "{8DE0671D-25D4-4384-8B41-4531AFDE19AF}"
EndProject
Project("{FAE04EC0-301F-11D3-BF4B-00C04F79EFBC}") = "LogerCommon", "LogerCommon\LogerCommon.csproj", "{B195A6CC-8630-4C31-8F36-650E0D7D950D}"
EndProject
Global
	GlobalSection(SolutionConfigurationPlatforms) = preSolution
		Debug|Any CPU = Debug|Any CPU
		Release|Any CPU = Release|Any CPU
	EndGlobalSection
	GlobalSection(ProjectConfigurationPlatforms) = postSolution
		{303EC0C1-C5A8-4D43-9361-2E1A67F665FF}.Debug|Any CPU.ActiveCfg = Debug|Any CPU
		{303EC0C1-C5A8-4D43-9361-2E1A67F665FF}.Debug|Any CPU.Build.0 = Debug|Any CPU
		{303EC0C1-C5A8-4D43-9361-2E1A67F665FF}.Release|Any CPU.ActiveCfg = Release|Any CPU
		{303EC0C1-C5A8-4D43-9361-2E1A67F665FF}.Release|Any CPU.Build.0 = Release|Any CPU
		{8DE0671D-25D4-4384-8B41-4531AFDE19AF}.Debug|Any CPU.ActiveCfg = Debug|Any CPU
		{8DE0671D-25D4-4384-8B41-4531AFDE19AF}.Debug|Any CPU.Build.0 = Debug|Any CPU
		{8DE0671D-25D4-4384-8B41-4531AFDE19AF}.Release|Any CPU.ActiveCfg = Release|Any CPU
		{8DE0671D-25D4-4384-8B41-4531AFDE19AF}.Release|Any CPU.Build.0 = Release|Any CPU
		{B195A6CC-8630-4C31-8F36-650E0D7D950D}.Debug|Any CPU.ActiveCfg = Debug|Any CPU
		{B195A6CC-8630-4C31-8F36-650E0D7D950D}.Debug|Any CPU.Build.0 = Debug|Any CPU
		{B195A6CC-8630-4C31-8F36-650E0D7D950D}.Release|Any CPU.ActiveCfg = Release|Any CPU
		{B195A6CC-8630-4C31-8F36-650E0D7D950D}.Release|Any CPU.Build.0 = Release|Any CPU
	EndGlobalSection
EndGlobal
